// !$*UTF8*$!
{
	archiveVersion = 1;
	classes = {
	};
	objectVersion = 50;
	objects = {

/* Begin PBXBuildFile section */
		EF0CBD2F23CD4E2B00C57B07 /* AppDelegate.swift in Sources */ = {isa = PBXBuildFile; fileRef = EF0CBD2E23CD4E2B00C57B07 /* AppDelegate.swift */; };
		EF0CBD3123CD4E2B00C57B07 /* DocumentBrowserViewController.swift in Sources */ = {isa = PBXBuildFile; fileRef = EF0CBD3023CD4E2B00C57B07 /* DocumentBrowserViewController.swift */; };
		EF0CBD3523CD4E2B00C57B07 /* EmojiArtDocument.swift in Sources */ = {isa = PBXBuildFile; fileRef = EF0CBD3423CD4E2B00C57B07 /* EmojiArtDocument.swift */; };
		EF0CBD3823CD4E2B00C57B07 /* Main.storyboard in Resources */ = {isa = PBXBuildFile; fileRef = EF0CBD3623CD4E2B00C57B07 /* Main.storyboard */; };
		EF0CBD3A23CD4E2D00C57B07 /* Assets.xcassets in Resources */ = {isa = PBXBuildFile; fileRef = EF0CBD3923CD4E2D00C57B07 /* Assets.xcassets */; };
		EF0CBD3D23CD4E2D00C57B07 /* LaunchScreen.storyboard in Resources */ = {isa = PBXBuildFile; fileRef = EF0CBD3B23CD4E2D00C57B07 /* LaunchScreen.storyboard */; };
		EF0CBD5623CD618D00C57B07 /* EmojiArt.swift in Sources */ = {isa = PBXBuildFile; fileRef = EF0CBD5523CD618D00C57B07 /* EmojiArt.swift */; };
		EF0CBD5B23CD622A00C57B07 /* EmojiCollectionViewCell.swift in Sources */ = {isa = PBXBuildFile; fileRef = EF0CBD5723CD622900C57B07 /* EmojiCollectionViewCell.swift */; };
		EF0CBD5C23CD622A00C57B07 /* EmojiArtViewController.swift in Sources */ = {isa = PBXBuildFile; fileRef = EF0CBD5823CD622A00C57B07 /* EmojiArtViewController.swift */; };
		EF0CBD5D23CD622A00C57B07 /* EmojiArtView.swift in Sources */ = {isa = PBXBuildFile; fileRef = EF0CBD5923CD622A00C57B07 /* EmojiArtView.swift */; };
		EF0CBD5E23CD622A00C57B07 /* textFieldCollectionViewCell.swift in Sources */ = {isa = PBXBuildFile; fileRef = EF0CBD5A23CD622A00C57B07 /* textFieldCollectionViewCell.swift */; };
		EF0CBD6023CD645900C57B07 /* EmojiArtView+Gestures.swift in Sources */ = {isa = PBXBuildFile; fileRef = EF0CBD5F23CD645900C57B07 /* EmojiArtView+Gestures.swift */; };
		EF0CBD6223CD7FC300C57B07 /* Utilities.swift in Sources */ = {isa = PBXBuildFile; fileRef = EF0CBD6123CD7FC300C57B07 /* Utilities.swift */; };
		EFDD8BF023E4E558000F8CF6 /* DocumentInfoViewController.swift in Sources */ = {isa = PBXBuildFile; fileRef = EFDD8BEF23E4E558000F8CF6 /* DocumentInfoViewController.swift */; };
/* End PBXBuildFile section */

/* Begin PBXFileReference section */
		EF0CBD2B23CD4E2B00C57B07 /* EmojiArtDOC.app */ = {isa = PBXFileReference; explicitFileType = wrapper.application; includeInIndex = 0; path = EmojiArtDOC.app; sourceTree = BUILT_PRODUCTS_DIR; };
		EF0CBD2E23CD4E2B00C57B07 /* AppDelegate.swift */ = {isa = PBXFileReference; lastKnownFileType = sourcecode.swift; path = AppDelegate.swift; sourceTree = "<group>"; };
		EF0CBD3023CD4E2B00C57B07 /* DocumentBrowserViewController.swift */ = {isa = PBXFileReference; lastKnownFileType = sourcecode.swift; path = DocumentBrowserViewController.swift; sourceTree = "<group>"; };
		EF0CBD3423CD4E2B00C57B07 /* EmojiArtDocument.swift */ = {isa = PBXFileReference; lastKnownFileType = sourcecode.swift; path = EmojiArtDocument.swift; sourceTree = "<group>"; };
		EF0CBD3723CD4E2B00C57B07 /* Base */ = {isa = PBXFileReference; lastKnownFileType = file.storyboard; name = Base; path = Base.lproj/Main.storyboard; sourceTree = "<group>"; };
		EF0CBD3923CD4E2D00C57B07 /* Assets.xcassets */ = {isa = PBXFileReference; lastKnownFileType = folder.assetcatalog; path = Assets.xcassets; sourceTree = "<group>"; };
		EF0CBD3C23CD4E2D00C57B07 /* Base */ = {isa = PBXFileReference; lastKnownFileType = file.storyboard; name = Base; path = Base.lproj/LaunchScreen.storyboard; sourceTree = "<group>"; };
		EF0CBD3E23CD4E2D00C57B07 /* Info.plist */ = {isa = PBXFileReference; lastKnownFileType = text.plist.xml; path = Info.plist; sourceTree = "<group>"; };
		EF0CBD5523CD618D00C57B07 /* EmojiArt.swift */ = {isa = PBXFileReference; fileEncoding = 4; lastKnownFileType = sourcecode.swift; path = EmojiArt.swift; sourceTree = "<group>"; };
		EF0CBD5723CD622900C57B07 /* EmojiCollectionViewCell.swift */ = {isa = PBXFileReference; fileEncoding = 4; lastKnownFileType = sourcecode.swift; path = EmojiCollectionViewCell.swift; sourceTree = "<group>"; };
		EF0CBD5823CD622A00C57B07 /* EmojiArtViewController.swift */ = {isa = PBXFileReference; fileEncoding = 4; lastKnownFileType = sourcecode.swift; path = EmojiArtViewController.swift; sourceTree = "<group>"; };
		EF0CBD5923CD622A00C57B07 /* EmojiArtView.swift */ = {isa = PBXFileReference; fileEncoding = 4; lastKnownFileType = sourcecode.swift; path = EmojiArtView.swift; sourceTree = "<group>"; };
		EF0CBD5A23CD622A00C57B07 /* textFieldCollectionViewCell.swift */ = {isa = PBXFileReference; fileEncoding = 4; lastKnownFileType = sourcecode.swift; path = textFieldCollectionViewCell.swift; sourceTree = "<group>"; };
		EF0CBD5F23CD645900C57B07 /* EmojiArtView+Gestures.swift */ = {isa = PBXFileReference; fileEncoding = 4; lastKnownFileType = sourcecode.swift; path = "EmojiArtView+Gestures.swift"; sourceTree = "<group>"; };
		EF0CBD6123CD7FC300C57B07 /* Utilities.swift */ = {isa = PBXFileReference; lastKnownFileType = sourcecode.swift; path = Utilities.swift; sourceTree = "<group>"; };
		EFDD8BEF23E4E558000F8CF6 /* DocumentInfoViewController.swift */ = {isa = PBXFileReference; lastKnownFileType = sourcecode.swift; path = DocumentInfoViewController.swift; sourceTree = "<group>"; };
/* End PBXFileReference section */

/* Begin PBXFrameworksBuildPhase section */
		EF0CBD2823CD4E2B00C57B07 /* Frameworks */ = {
			isa = PBXFrameworksBuildPhase;
			buildActionMask = 2147483647;
			files = (
			);
			runOnlyForDeploymentPostprocessing = 0;
		};
/* End PBXFrameworksBuildPhase section */

/* Begin PBXGroup section */
		EF0CBD2223CD4E2B00C57B07 = {
			isa = PBXGroup;
			children = (
				EF0CBD2D23CD4E2B00C57B07 /* EmojiArtDOC */,
				EF0CBD2C23CD4E2B00C57B07 /* Products */,
			);
			sourceTree = "<group>";
		};
		EF0CBD2C23CD4E2B00C57B07 /* Products */ = {
			isa = PBXGroup;
			children = (
				EF0CBD2B23CD4E2B00C57B07 /* EmojiArtDOC.app */,
			);
			name = Products;
			sourceTree = "<group>";
		};
		EF0CBD2D23CD4E2B00C57B07 /* EmojiArtDOC */ = {
			isa = PBXGroup;
			children = (
				EF0CBD3023CD4E2B00C57B07 /* DocumentBrowserViewController.swift */,
				EF0CBD3423CD4E2B00C57B07 /* EmojiArtDocument.swift */,
				EF0CBD5523CD618D00C57B07 /* EmojiArt.swift */,
				EF0CBD3623CD4E2B00C57B07 /* Main.storyboard */,
				EFDD8BEF23E4E558000F8CF6 /* DocumentInfoViewController.swift */,
				EF0CBD5823CD622A00C57B07 /* EmojiArtViewController.swift */,
				EF0CBD5923CD622A00C57B07 /* EmojiArtView.swift */,
				EF0CBD5723CD622900C57B07 /* EmojiCollectionViewCell.swift */,
				EF0CBD5A23CD622A00C57B07 /* textFieldCollectionViewCell.swift */,
				EF0CBD3E23CD4E2D00C57B07 /* Info.plist */,
				EF0CBD4423CD4EAB00C57B07 /* supportingFiles */,
			);
			path = EmojiArtDOC;
			sourceTree = "<group>";
		};
		EF0CBD4423CD4EAB00C57B07 /* supportingFiles */ = {
			isa = PBXGroup;
			children = (
				EF0CBD6123CD7FC300C57B07 /* Utilities.swift */,
				EF0CBD5F23CD645900C57B07 /* EmojiArtView+Gestures.swift */,
				EF0CBD2E23CD4E2B00C57B07 /* AppDelegate.swift */,
				EF0CBD3923CD4E2D00C57B07 /* Assets.xcassets */,
				EF0CBD3B23CD4E2D00C57B07 /* LaunchScreen.storyboard */,
			);
			path = supportingFiles;
			sourceTree = "<group>";
		};
/* End PBXGroup section */

/* Begin PBXNativeTarget section */
		EF0CBD2A23CD4E2B00C57B07 /* EmojiArtDOC */ = {
			isa = PBXNativeTarget;
			buildConfigurationList = EF0CBD4123CD4E2D00C57B07 /* Build configuration list for PBXNativeTarget "EmojiArtDOC" */;
			buildPhases = (
				EF0CBD2723CD4E2B00C57B07 /* Sources */,
				EF0CBD2823CD4E2B00C57B07 /* Frameworks */,
				EF0CBD2923CD4E2B00C57B07 /* Resources */,
			);
			buildRules = (
			);
			dependencies = (
			);
			name = EmojiArtDOC;
			productName = EmojiArtDOC;
			productReference = EF0CBD2B23CD4E2B00C57B07 /* EmojiArtDOC.app */;
			productType = "com.apple.product-type.application";
		};
/* End PBXNativeTarget section */

/* Begin PBXProject section */
		EF0CBD2323CD4E2B00C57B07 /* Project object */ = {
			isa = PBXProject;
			attributes = {
				LastSwiftUpdateCheck = 1120;
				LastUpgradeCheck = 1120;
				ORGANIZATIONNAME = "AHMED GAMAL ";
				TargetAttributes = {
					EF0CBD2A23CD4E2B00C57B07 = {
						CreatedOnToolsVersion = 11.2.1;
					};
				};
			};
			buildConfigurationList = EF0CBD2623CD4E2B00C57B07 /* Build configuration list for PBXProject "EmojiArtDOC" */;
			compatibilityVersion = "Xcode 9.3";
			developmentRegion = en;
			hasScannedForEncodings = 0;
			knownRegions = (
				en,
				Base,
			);
			mainGroup = EF0CBD2223CD4E2B00C57B07;
			productRefGroup = EF0CBD2C23CD4E2B00C57B07 /* Products */;
			projectDirPath = "";
			projectRoot = "";
			targets = (
				EF0CBD2A23CD4E2B00C57B07 /* EmojiArtDOC */,
			);
		};
/* End PBXProject section */

/* Begin PBXResourcesBuildPhase section */
		EF0CBD2923CD4E2B00C57B07 /* Resources */ = {
			isa = PBXResourcesBuildPhase;
			buildActionMask = 2147483647;
			files = (
				EF0CBD3D23CD4E2D00C57B07 /* LaunchScreen.storyboard in Resources */,
				EF0CBD3A23CD4E2D00C57B07 /* Assets.xcassets in Resources */,
				EF0CBD3823CD4E2B00C57B07 /* Main.storyboard in Resources */,
			);
			runOnlyForDeploymentPostprocessing = 0;
		};
/* End PBXResourcesBuildPhase section */

/* Begin PBXSourcesBuildPhase section */
		EF0CBD2723CD4E2B00C57B07 /* Sources */ = {
			isa = PBXSourcesBuildPhase;
			buildActionMask = 2147483647;
			files = (
				EFDD8BF023E4E558000F8CF6 /* DocumentInfoViewController.swift in Sources */,
				EF0CBD5B23CD622A00C57B07 /* EmojiCollectionViewCell.swift in Sources */,
				EF0CBD5C23CD622A00C57B07 /* EmojiArtViewController.swift in Sources */,
				EF0CBD5623CD618D00C57B07 /* EmojiArt.swift in Sources */,
				EF0CBD5E23CD622A00C57B07 /* textFieldCollectionViewCell.swift in Sources */,
				EF0CBD6223CD7FC300C57B07 /* Utilities.swift in Sources */,
				EF0CBD3523CD4E2B00C57B07 /* EmojiArtDocument.swift in Sources */,
				EF0CBD6023CD645900C57B07 /* EmojiArtView+Gestures.swift in Sources */,
				EF0CBD3123CD4E2B00C57B07 /* DocumentBrowserViewController.swift in Sources */,
				EF0CBD2F23CD4E2B00C57B07 /* AppDelegate.swift in Sources */,
				EF0CBD5D23CD622A00C57B07 /* EmojiArtView.swift in Sources */,
			);
			runOnlyForDeploymentPostprocessing = 0;
		};
/* End PBXSourcesBuildPhase section */

/* Begin PBXVariantGroup section */
		EF0CBD3623CD4E2B00C57B07 /* Main.storyboard */ = {
			isa = PBXVariantGroup;
			children = (
				EF0CBD3723CD4E2B00C57B07 /* Base */,
			);
			name = Main.storyboard;
			sourceTree = "<group>";
		};
		EF0CBD3B23CD4E2D00C57B07 /* LaunchScreen.storyboard */ = {
			isa = PBXVariantGroup;
			children = (
				EF0CBD3C23CD4E2D00C57B07 /* Base */,
			);
			name = LaunchScreen.storyboard;
			sourceTree = "<group>";
		};
/* End PBXVariantGroup section */

/* Begin XCBuildConfiguration section */
		EF0CBD3F23CD4E2D00C57B07 /* Debug */ = {
			isa = XCBuildConfiguration;
			buildSettings = {
				ALWAYS_SEARCH_USER_PATHS = NO;
				CLANG_ANALYZER_NONNULL = YES;
				CLANG_ANALYZER_NUMBER_OBJECT_CONVERSION = YES_AGGRESSIVE;
				CLANG_CXX_LANGUAGE_STANDARD = "gnu++14";
				CLANG_CXX_LIBRARY = "libc++";
				CLANG_ENABLE_MODULES = YES;
				CLANG_ENABLE_OBJC_ARC = YES;
				CLANG_ENABLE_OBJC_WEAK = YES;
				CLANG_WARN_BLOCK_CAPTURE_AUTORELEASING = YES;
				CLANG_WARN_BOOL_CONVERSION = YES;
				CLANG_WARN_COMMA = YES;
				CLANG_WARN_CONSTANT_CONVERSION = YES;
				CLANG_WARN_DEPRECATED_OBJC_IMPLEMENTATIONS = YES;
				CLANG_WARN_DIRECT_OBJC_ISA_USAGE = YES_ERROR;
				CLANG_WARN_DOCUMENTATION_COMMENTS = YES;
				CLANG_WARN_EMPTY_BODY = YES;
				CLANG_WARN_ENUM_CONVERSION = YES;
				CLANG_WARN_INFINITE_RECURSION = YES;
				CLANG_WARN_INT_CONVERSION = YES;
				CLANG_WARN_NON_LITERAL_NULL_CONVERSION = YES;
				CLANG_WARN_OBJC_IMPLICIT_RETAIN_SELF = YES;
				CLANG_WARN_OBJC_LITERAL_CONVERSION = YES;
				CLANG_WARN_OBJC_ROOT_CLASS = YES_ERROR;
				CLANG_WARN_RANGE_LOOP_ANALYSIS = YES;
				CLANG_WARN_STRICT_PROTOTYPES = YES;
				CLANG_WARN_SUSPICIOUS_MOVE = YES;
				CLANG_WARN_UNGUARDED_AVAILABILITY = YES_AGGRESSIVE;
				CLANG_WARN_UNREACHABLE_CODE = YES;
				CLANG_WARN__DUPLICATE_METHOD_MATCH = YES;
				COPY_PHASE_STRIP = NO;
				DEBUG_INFORMATION_FORMAT = dwarf;
				ENABLE_STRICT_OBJC_MSGSEND = YES;
				ENABLE_TESTABILITY = YES;
				GCC_C_LANGUAGE_STANDARD = gnu11;
				GCC_DYNAMIC_NO_PIC = NO;
				GCC_NO_COMMON_BLOCKS = YES;
				GCC_OPTIMIZATION_LEVEL = 0;
				GCC_PREPROCESSOR_DEFINITIONS = (
					"DEBUG=1",
					"$(inherited)",
				);
				GCC_WARN_64_TO_32_BIT_CONVERSION = YES;
				GCC_WARN_ABOUT_RETURN_TYPE = YES_ERROR;
				GCC_WARN_UNDECLARED_SELECTOR = YES;
				GCC_WARN_UNINITIALIZED_AUTOS = YES_AGGRESSIVE;
				GCC_WARN_UNUSED_FUNCTION = YES;
				GCC_WARN_UNUSED_VARIABLE = YES;
				IPHONEOS_DEPLOYMENT_TARGET = 13.2;
				MTL_ENABLE_DEBUG_INFO = INCLUDE_SOURCE;
				MTL_FAST_MATH = YES;
				ONLY_ACTIVE_ARCH = YES;
				SDKROOT = iphoneos;
				SWIFT_ACTIVE_COMPILATION_CONDITIONS = DEBUG;
				SWIFT_OPTIMIZATION_LEVEL = "-Onone";
			};
			name = Debug;
		};
		EF0CBD4023CD4E2D00C57B07 /* Release */ = {
			isa = XCBuildConfiguration;
			buildSettings = {
				ALWAYS_SEARCH_USER_PATHS = NO;
				CLANG_ANALYZER_NONNULL = YES;
				CLANG_ANALYZER_NUMBER_OBJECT_CONVERSION = YES_AGGRESSIVE;
				CLANG_CXX_LANGUAGE_STANDARD = "gnu++14";
				CLANG_CXX_LIBRARY = "libc++";
				CLANG_ENABLE_MODULES = YES;
				CLANG_ENABLE_OBJC_ARC = YES;
				CLANG_ENABLE_OBJC_WEAK = YES;
				CLANG_WARN_BLOCK_CAPTURE_AUTORELEASING = YES;
				CLANG_WARN_BOOL_CONVERSION = YES;
				CLANG_WARN_COMMA = YES;
				CLANG_WARN_CONSTANT_CONVERSION = YES;
				CLANG_WARN_DEPRECATED_OBJC_IMPLEMENTATIONS = YES;
				CLANG_WARN_DIRECT_OBJC_ISA_USAGE = YES_ERROR;
				CLANG_WARN_DOCUMENTATION_COMMENTS = YES;
				CLANG_WARN_EMPTY_BODY = YES;
				CLANG_WARN_ENUM_CONVERSION = YES;
				CLANG_WARN_INFINITE_RECURSION = YES;
				CLANG_WARN_INT_CONVERSION = YES;
				CLANG_WARN_NON_LITERAL_NULL_CONVERSION = YES;
				CLANG_WARN_OBJC_IMPLICIT_RETAIN_SELF = YES;
				CLANG_WARN_OBJC_LITERAL_CONVERSION = YES;
				CLANG_WARN_OBJC_ROOT_CLASS = YES_ERROR;
				CLANG_WARN_RANGE_LOOP_ANALYSIS = YES;
				CLANG_WARN_STRICT_PROTOTYPES = YES;
				CLANG_WARN_SUSPICIOUS_MOVE = YES;
				CLANG_WARN_UNGUARDED_AVAILABILITY = YES_AGGRESSIVE;
				CLANG_WARN_UNREACHABLE_CODE = YES;
				CLANG_WARN__DUPLICATE_METHOD_MATCH = YES;
				COPY_PHASE_STRIP = NO;
				DEBUG_INFORMATION_FORMAT = "dwarf-with-dsym";
				ENABLE_NS_ASSERTIONS = NO;
				ENABLE_STRICT_OBJC_MSGSEND = YES;
				GCC_C_LANGUAGE_STANDARD = gnu11;
				GCC_NO_COMMON_BLOCKS = YES;
				GCC_WARN_64_TO_32_BIT_CONVERSION = YES;
				GCC_WARN_ABOUT_RETURN_TYPE = YES_ERROR;
				GCC_WARN_UNDECLARED_SELECTOR = YES;
				GCC_WARN_UNINITIALIZED_AUTOS = YES_AGGRESSIVE;
				GCC_WARN_UNUSED_FUNCTION = YES;
				GCC_WARN_UNUSED_VARIABLE = YES;
				IPHONEOS_DEPLOYMENT_TARGET = 13.2;
				MTL_ENABLE_DEBUG_INFO = NO;
				MTL_FAST_MATH = YES;
				SDKROOT = iphoneos;
				SWIFT_COMPILATION_MODE = wholemodule;
				SWIFT_OPTIMIZATION_LEVEL = "-O";
				VALIDATE_PRODUCT = YES;
			};
			name = Release;
		};
		EF0CBD4223CD4E2D00C57B07 /* Debug */ = {
			isa = XCBuildConfiguration;
			buildSettings = {
				ASSETCATALOG_COMPILER_APPICON_NAME = AppIcon;
				CODE_SIGN_STYLE = Automatic;
				DEVELOPMENT_TEAM = 376L6GYCXP;
				INFOPLIST_FILE = EmojiArtDOC/Info.plist;
				LD_RUNPATH_SEARCH_PATHS = (
					"$(inherited)",
					"@executable_path/Frameworks",
				);
				PRODUCT_BUNDLE_IDENTIFIER = "AHMED-GAMAL-.EmojiArt.EmojiArtDOC";
				PRODUCT_NAME = "$(TARGET_NAME)";
				SWIFT_VERSION = 5.0;
				TARGETED_DEVICE_FAMILY = "1,2";
			};
			name = Debug;
		};
		EF0CBD4323CD4E2D00C57B07 /* Release */ = {
			isa = XCBuildConfiguration;
			buildSettings = {
				ASSETCATALOG_COMPILER_APPICON_NAME = AppIcon;
				CODE_SIGN_STYLE = Automatic;
				DEVELOPMENT_TEAM = 376L6GYCXP;
				INFOPLIST_FILE = EmojiArtDOC/Info.plist;
				LD_RUNPATH_SEARCH_PATHS = (
					"$(inherited)",
					"@executable_path/Frameworks",
				);
				PRODUCT_BUNDLE_IDENTIFIER = "AHMED-GAMAL-.EmojiArt.EmojiArtDOC";
				PRODUCT_NAME = "$(TARGET_NAME)";
				SWIFT_VERSION = 5.0;
				TARGETED_DEVICE_FAMILY = "1,2";
			};
			name = Release;
		};
/* End XCBuildConfiguration section */

/* Begin XCConfigurationList section */
		EF0CBD2623CD4E2B00C57B07 /* Build configuration list for PBXProject "EmojiArtDOC" */ = {
			isa = XCConfigurationList;
			buildConfigurations = (
				EF0CBD3F23CD4E2D00C57B07 /* Debug */,
				EF0CBD4023CD4E2D00C57B07 /* Release */,
			);
			defaultConfigurationIsVisible = 0;
			defaultConfigurationName = Release;
		};
		EF0CBD4123CD4E2D00C57B07 /* Build configuration list for PBXNativeTarget "EmojiArtDOC" */ = {
			isa = XCConfigurationList;
			buildConfigurations = (
				EF0CBD4223CD4E2D00C57B07 /* Debug */,
				EF0CBD4323CD4E2D00C57B07 /* Release */,
			);
			defaultConfigurationIsVisible = 0;
			defaultConfigurationName = Release;
		};
/* End XCConfigurationList section */
	};
	rootObject = EF0CBD2323CD4E2B00C57B07 /* Project object */;
}
